
Microsoft Visual Studio Solution File, Format Version 12.00
# Visual Studio 15
VisualStudioVersion = 15.0.28307.852
MinimumVisualStudioVersion = 10.0.40219.1
Project("{FAE04EC0-301F-11D3-BF4B-00C04F79EFBC}") = "StudentCommunityRest", "StudentCommunityRest\StudentCommunityRest.csproj", "{6B4006D1-F6BB-47B5-8520-CF80B0C9714E}"
EndProject
Global
	GlobalSection(SolutionConfigurationPlatforms) = preSolution
		Debug|Any CPU = Debug|Any CPU
		Release|Any CPU = Release|Any CPU
	EndGlobalSection
	GlobalSection(ProjectConfigurationPlatforms) = postSolution
		{6B4006D1-F6BB-47B5-8520-CF80B0C9714E}.Debug|Any CPU.ActiveCfg = Debug|Any CPU
		{6B4006D1-F6BB-47B5-8520-CF80B0C9714E}.Debug|Any CPU.Build.0 = Debug|Any CPU
		{6B4006D1-F6BB-47B5-8520-CF80B0C9714E}.Release|Any CPU.ActiveCfg = Release|Any CPU
		{6B4006D1-F6BB-47B5-8520-CF80B0C9714E}.Release|Any CPU.Build.0 = Release|Any CPU
	EndGlobalSection
	GlobalSection(SolutionProperties) = preSolution
		HideSolutionNode = FALSE
	EndGlobalSection
	GlobalSection(ExtensibilityGlobals) = postSolution
		SolutionGuid = {47E7DDB0-2913-453E-B96A-2AC275BDB39D}
	EndGlobalSection
EndGlobal
